{
  "name": "probable-spoon",
  "version": "1.0.0",
  "lockfileVersion": 3,
  "requires": true,
  "packages": {
    "": {
      "name": "probable-spoon",
      "version": "1.0.0",
      "hasInstallScript": true,
      "license": "ISC",
      "dependencies": {
        "@agorapulse/ui-symbol": "^20.2.3",
        "@agorapulse/ui-theme": "^20.3.5"
      }
    },
    "node_modules/@agorapulse/ui-symbol": {
      "version": "20.2.3",
      "resolved": "https://registry.npmjs.org/@agorapulse/ui-symbol/-/ui-symbol-20.2.3.tgz",
      "integrity": "sha512-berA9v5V2fqdhybQv9cGRe4Ma+GOz24gtmt9nEVdubyri4JhfFJOrkRI6YZhxN8G3JP15fdrUv5p5jhSiAxXeg==",
      "dependencies": {
        "tslib": "^2.3.0"
      },
      "peerDependencies": {
        "@agorapulse/ui-theme": "^20.0.0",
        "@angular/common": "^20.0.0",
        "@angular/core": "^20.0.0"
      }
    },
    "node_modules/@agorapulse/ui-theme": {
      "version": "20.3.5",
      "resolved": "https://registry.npmjs.org/@agorapulse/ui-theme/-/ui-theme-20.3.5.tgz",
      "integrity": "sha512-7sb2YTurELgeMJ0XL0b9OMKLJNzwPiL574XAzKtb4ffpgbwIorw4Mm9JwyV3Rq0SDOzYkuD+76zetX9VEFR2YQ==",
      "license": "ISC",
      "peerDependencies": {
        "@angular/material": "^20.0.0"
      }
    },
    "node_modules/tslib": {
      "version": "2.8.1",
      "resolved": "https://registry.npmjs.org/tslib/-/tslib-2.8.1.tgz",
      "integrity": "sha512-oJFu94HQb+KVduSUQL7wnpmqnfmLsOA/nAh6b6EH0wCEoK0/mPeXU6c3wKDV83MkOuHPRHtSXKKU99IBazS/2w==",
      "license": "0BSD"
    }
  }
}
